
Microsoft Visual Studio Solution File, Format Version 12.00
# Visual Studio Version 16
VisualStudioVersion = 16.0.29306.81
MinimumVisualStudioVersion = 10.0.40219.1
Project("{2150E333-8FDC-42A3-9474-1A3956D46DE8}") = "Cpp", "Cpp", "{7DE4BFF7-5F14-4208-823C-EC76ED3743B5}"
EndProject
Project("{8BC9CEB8-8B4A-11D0-8D11-00A0C91BC942}") = "CppDll", "Cpp\CppDll\CppDll.vcxproj", "{386244EC-1343-466C-B17E-C8D21849B7CA}"
EndProject
Project("{8BC9CEB8-8B4A-11D0-8D11-00A0C91BC942}") = "studyCPP", "Cpp\studyCPP\studyCPP.vcxproj", "{E4A595C8-1E09-4DE1-9526-5D3053D68D0B}"
EndProject
Project("{8BC9CEB8-8B4A-11D0-8D11-00A0C91BC942}") = "OyeTools", "OyeTools\OyeTools.vcxproj", "{00E466B3-71CC-41BD-8567-772D9CB9D8A0}"
EndProject
Project("{8BC9CEB8-8B4A-11D0-8D11-00A0C91BC942}") = "SqlStudy", "SqlStudy\SqlStudy.vcxproj", "{62E90AFE-E984-4B29-AB70-52949462A3DA}"
EndProject
Project("{8BC9CEB8-8B4A-11D0-8D11-00A0C91BC942}") = "fsv", "fsv\fsv.vcxproj", "{5F4CB1ED-B4E7-49DB-A177-F7BFF0ADCA47}"
EndProject
Global
	GlobalSection(SolutionConfigurationPlatforms) = preSolution
		Debug|x64 = Debug|x64
		Debug|x86 = Debug|x86
		Release|x64 = Release|x64
		Release|x86 = Release|x86
	EndGlobalSection
	GlobalSection(ProjectConfigurationPlatforms) = postSolution
		{386244EC-1343-466C-B17E-C8D21849B7CA}.Debug|x64.ActiveCfg = Debug|x64
		{386244EC-1343-466C-B17E-C8D21849B7CA}.Debug|x64.Build.0 = Debug|x64
		{386244EC-1343-466C-B17E-C8D21849B7CA}.Debug|x86.ActiveCfg = Debug|Win32
		{386244EC-1343-466C-B17E-C8D21849B7CA}.Debug|x86.Build.0 = Debug|Win32
		{386244EC-1343-466C-B17E-C8D21849B7CA}.Release|x64.ActiveCfg = Release|x64
		{386244EC-1343-466C-B17E-C8D21849B7CA}.Release|x64.Build.0 = Release|x64
		{386244EC-1343-466C-B17E-C8D21849B7CA}.Release|x86.ActiveCfg = Release|Win32
		{386244EC-1343-466C-B17E-C8D21849B7CA}.Release|x86.Build.0 = Release|Win32
		{E4A595C8-1E09-4DE1-9526-5D3053D68D0B}.Debug|x64.ActiveCfg = Debug|x64
		{E4A595C8-1E09-4DE1-9526-5D3053D68D0B}.Debug|x64.Build.0 = Debug|x64
		{E4A595C8-1E09-4DE1-9526-5D3053D68D0B}.Debug|x86.ActiveCfg = Debug|Win32
		{E4A595C8-1E09-4DE1-9526-5D3053D68D0B}.Debug|x86.Build.0 = Debug|Win32
		{E4A595C8-1E09-4DE1-9526-5D3053D68D0B}.Release|x64.ActiveCfg = Release|x64
		{E4A595C8-1E09-4DE1-9526-5D3053D68D0B}.Release|x64.Build.0 = Release|x64
		{E4A595C8-1E09-4DE1-9526-5D3053D68D0B}.Release|x86.ActiveCfg = Release|Win32
		{E4A595C8-1E09-4DE1-9526-5D3053D68D0B}.Release|x86.Build.0 = Release|Win32
		{00E466B3-71CC-41BD-8567-772D9CB9D8A0}.Debug|x64.ActiveCfg = Debug|x64
		{00E466B3-71CC-41BD-8567-772D9CB9D8A0}.Debug|x64.Build.0 = Debug|x64
		{00E466B3-71CC-41BD-8567-772D9CB9D8A0}.Debug|x86.ActiveCfg = Debug|Win32
		{00E466B3-71CC-41BD-8567-772D9CB9D8A0}.Debug|x86.Build.0 = Debug|Win32
		{00E466B3-71CC-41BD-8567-772D9CB9D8A0}.Release|x64.ActiveCfg = Release|x64
		{00E466B3-71CC-41BD-8567-772D9CB9D8A0}.Release|x64.Build.0 = Release|x64
		{00E466B3-71CC-41BD-8567-772D9CB9D8A0}.Release|x86.ActiveCfg = Release|Win32
		{00E466B3-71CC-41BD-8567-772D9CB9D8A0}.Release|x86.Build.0 = Release|Win32
		{62E90AFE-E984-4B29-AB70-52949462A3DA}.Debug|x64.ActiveCfg = Debug|x64
		{62E90AFE-E984-4B29-AB70-52949462A3DA}.Debug|x64.Build.0 = Debug|x64
		{62E90AFE-E984-4B29-AB70-52949462A3DA}.Debug|x86.ActiveCfg = Debug|Win32
		{62E90AFE-E984-4B29-AB70-52949462A3DA}.Debug|x86.Build.0 = Debug|Win32
		{62E90AFE-E984-4B29-AB70-52949462A3DA}.Release|x64.ActiveCfg = Release|x64
		{62E90AFE-E984-4B29-AB70-52949462A3DA}.Release|x64.Build.0 = Release|x64
		{62E90AFE-E984-4B29-AB70-52949462A3DA}.Release|x86.ActiveCfg = Release|Win32
		{62E90AFE-E984-4B29-AB70-52949462A3DA}.Release|x86.Build.0 = Release|Win32
		{5F4CB1ED-B4E7-49DB-A177-F7BFF0ADCA47}.Debug|x64.ActiveCfg = Debug|x64
		{5F4CB1ED-B4E7-49DB-A177-F7BFF0ADCA47}.Debug|x64.Build.0 = Debug|x64
		{5F4CB1ED-B4E7-49DB-A177-F7BFF0ADCA47}.Debug|x86.ActiveCfg = Debug|Win32
		{5F4CB1ED-B4E7-49DB-A177-F7BFF0ADCA47}.Debug|x86.Build.0 = Debug|Win32
		{5F4CB1ED-B4E7-49DB-A177-F7BFF0ADCA47}.Release|x64.ActiveCfg = Release|x64
		{5F4CB1ED-B4E7-49DB-A177-F7BFF0ADCA47}.Release|x64.Build.0 = Release|x64
		{5F4CB1ED-B4E7-49DB-A177-F7BFF0ADCA47}.Release|x86.ActiveCfg = Release|Win32
		{5F4CB1ED-B4E7-49DB-A177-F7BFF0ADCA47}.Release|x86.Build.0 = Release|Win32
	EndGlobalSection
	GlobalSection(SolutionProperties) = preSolution
		HideSolutionNode = FALSE
	EndGlobalSection
	GlobalSection(NestedProjects) = preSolution
		{386244EC-1343-466C-B17E-C8D21849B7CA} = {7DE4BFF7-5F14-4208-823C-EC76ED3743B5}
		{00E466B3-71CC-41BD-8567-772D9CB9D8A0} = {7DE4BFF7-5F14-4208-823C-EC76ED3743B5}
		{62E90AFE-E984-4B29-AB70-52949462A3DA} = {7DE4BFF7-5F14-4208-823C-EC76ED3743B5}
		{5F4CB1ED-B4E7-49DB-A177-F7BFF0ADCA47} = {7DE4BFF7-5F14-4208-823C-EC76ED3743B5}
	EndGlobalSection
	GlobalSection(ExtensibilityGlobals) = postSolution
		SolutionGuid = {332783E9-77A1-4CD8-BCDE-9F694071FF4D}
	EndGlobalSection
EndGlobal
