
Microsoft Visual Studio Solution File, Format Version 12.00
# Visual Studio Version 16
VisualStudioVersion = 16.0.29306.81
MinimumVisualStudioVersion = 10.0.40219.1
Project("{FAE04EC0-301F-11D3-BF4B-00C04F79EFBC}") = "studyCSharp", "studyCSharp\studyCSharp.csproj", "{946927C5-46EE-450E-AAAA-81D727D7081B}"
	ProjectSection(ProjectDependencies) = postProject
		{386244EC-1343-466C-B17E-C8D21849B7CA} = {386244EC-1343-466C-B17E-C8D21849B7CA}
	EndProjectSection
EndProject
Project("{FAE04EC0-301F-11D3-BF4B-00C04F79EFBC}") = "forWPF", "forWPF\forWPF.csproj", "{4DE0992B-8A61-4517-B437-1D2839FB8C60}"
EndProject
Project("{2150E333-8FDC-42A3-9474-1A3956D46DE8}") = "OyeCppLib", "OyeCppLib", "{07AB6B9F-19CB-4D68-BA69-35FBF14CFE81}"
	ProjectSection(SolutionItems) = preProject
		OyeCppLib\common_ui_components.cpp = OyeCppLib\common_ui_components.cpp
		OyeCppLib\common_ui_components.h = OyeCppLib\common_ui_components.h
		OyeCppLib\oye_cpp.h = OyeCppLib\oye_cpp.h
		OyeCppLib\watermark.cpp = OyeCppLib\watermark.cpp
		OyeCppLib\watermark.h = OyeCppLib\watermark.h
	EndProjectSection
EndProject
Project("{FAE04EC0-301F-11D3-BF4B-00C04F79EFBC}") = "studyWPF", "studyWPF\studyWPF.csproj", "{022504BC-9899-4498-BA66-B2F9544E6A94}"
EndProject
Project("{2150E333-8FDC-42A3-9474-1A3956D46DE8}") = "Office", "Office", "{73CE5A40-80F1-4533-ABCD-880121B036EF}"
EndProject
Project("{8BC9CEB8-8B4A-11D0-8D11-00A0C91BC942}") = "OfficePlugin", "Office\OfficePlugin\OfficePlugin.vcxproj", "{4D598371-5AE4-48BA-85FE-85A8566C45C2}"
EndProject
Project("{FAE04EC0-301F-11D3-BF4B-00C04F79EFBC}") = "ExcelAddIn1", "Office\ExcelAddIn1\ExcelAddIn1.csproj", "{AD85A381-9DAF-4341-A0AE-221D5011305F}"
EndProject
Project("{2150E333-8FDC-42A3-9474-1A3956D46DE8}") = "Cpp", "Cpp", "{7DE4BFF7-5F14-4208-823C-EC76ED3743B5}"
EndProject
Project("{8BC9CEB8-8B4A-11D0-8D11-00A0C91BC942}") = "CppDll", "Cpp\CppDll\CppDll.vcxproj", "{386244EC-1343-466C-B17E-C8D21849B7CA}"
EndProject
Project("{8BC9CEB8-8B4A-11D0-8D11-00A0C91BC942}") = "CppTest", "Cpp\CppTest\CppTest.vcxproj", "{C7A6BEA1-8BAA-4DFD-98F3-E08E5FE40574}"
EndProject
Project("{8BC9CEB8-8B4A-11D0-8D11-00A0C91BC942}") = "studyCPP", "Cpp\studyCPP\studyCPP.vcxproj", "{E4A595C8-1E09-4DE1-9526-5D3053D68D0B}"
EndProject
Project("{2150E333-8FDC-42A3-9474-1A3956D46DE8}") = "CSharp", "CSharp", "{7EC4796F-F1D0-4971-A1BF-0EA6E2E58D55}"
EndProject
Project("{FAE04EC0-301F-11D3-BF4B-00C04F79EFBC}") = "WinFormForOffice", "Office\WinFormForOffice\WinFormForOffice.csproj", "{D24D5B98-F86E-4D21-A086-CE178D68ADD6}"
EndProject
Project("{2150E333-8FDC-42A3-9474-1A3956D46DE8}") = "COM", "COM", "{0F217C12-9E72-429F-AB9B-E0C7ED3B5254}"
EndProject
Project("{8BC9CEB8-8B4A-11D0-8D11-00A0C91BC942}") = "comClient", "Com\comClient\comClient.vcxproj", "{A8C8A39A-F886-4635-A2B1-3FD028CDB7CD}"
EndProject
Project("{2150E333-8FDC-42A3-9474-1A3956D46DE8}") = "Overlay", "Overlay", "{5628400C-A542-4EB8-9226-E9CC1E416E22}"
EndProject
Project("{8BC9CEB8-8B4A-11D0-8D11-00A0C91BC942}") = "OverlayTest", "Overlay_Project\OverlayTest\OverlayTest.vcxproj", "{0F5165CF-8F2E-41A3-843B-0F3D5138BE92}"
EndProject
Project("{2150E333-8FDC-42A3-9474-1A3956D46DE8}") = "Win32", "Win32", "{ACE1D32B-344E-4AFC-AAC7-A3C7254DF4B6}"
EndProject
Project("{8BC9CEB8-8B4A-11D0-8D11-00A0C91BC942}") = "studyMFC", "Win32\studyMFC\studyMFC.vcxproj", "{73B5B166-D794-4429-AD2C-8291C7D02410}"
EndProject
Project("{8BC9CEB8-8B4A-11D0-8D11-00A0C91BC942}") = "UpdateRgn", "Win32\updatergn_src\UpdateRgn.vcxproj", "{173DA48D-AF9E-47FF-A071-81D3E5E8F998}"
EndProject
Project("{8BC9CEB8-8B4A-11D0-8D11-00A0C91BC942}") = "WTLExplorer", "Win32\WTLExplorer\WTLExplorer80.vcxproj", "{37D083DA-69C9-45DE-B9EC-4E05F285FAD9}"
EndProject
Project("{8BC9CEB8-8B4A-11D0-8D11-00A0C91BC942}") = "wtlStudy", "Win32\wtlStudy\wtlStudy.vcxproj", "{9ECD580F-DD11-47AC-A291-4637E78EAA47}"
EndProject
Project("{FAE04EC0-301F-11D3-BF4B-00C04F79EFBC}") = "WordAddIn1", "Office\WordAddIn1\WordAddIn1.csproj", "{9C706A32-0792-4637-9230-856EB82421F8}"
EndProject
Global
	GlobalSection(SolutionConfigurationPlatforms) = preSolution
		Debug|Any CPU = Debug|Any CPU
		Debug|x64 = Debug|x64
		Debug|x86 = Debug|x86
		Release|Any CPU = Release|Any CPU
		Release|x64 = Release|x64
		Release|x86 = Release|x86
	EndGlobalSection
	GlobalSection(ProjectConfigurationPlatforms) = postSolution
		{946927C5-46EE-450E-AAAA-81D727D7081B}.Debug|Any CPU.ActiveCfg = Debug|Any CPU
		{946927C5-46EE-450E-AAAA-81D727D7081B}.Debug|Any CPU.Build.0 = Debug|Any CPU
		{946927C5-46EE-450E-AAAA-81D727D7081B}.Debug|x64.ActiveCfg = Debug|Any CPU
		{946927C5-46EE-450E-AAAA-81D727D7081B}.Debug|x64.Build.0 = Debug|Any CPU
		{946927C5-46EE-450E-AAAA-81D727D7081B}.Debug|x86.ActiveCfg = Debug|Any CPU
		{946927C5-46EE-450E-AAAA-81D727D7081B}.Debug|x86.Build.0 = Debug|Any CPU
		{946927C5-46EE-450E-AAAA-81D727D7081B}.Release|Any CPU.ActiveCfg = Release|Any CPU
		{946927C5-46EE-450E-AAAA-81D727D7081B}.Release|Any CPU.Build.0 = Release|Any CPU
		{946927C5-46EE-450E-AAAA-81D727D7081B}.Release|x64.ActiveCfg = Release|Any CPU
		{946927C5-46EE-450E-AAAA-81D727D7081B}.Release|x64.Build.0 = Release|Any CPU
		{946927C5-46EE-450E-AAAA-81D727D7081B}.Release|x86.ActiveCfg = Release|Any CPU
		{946927C5-46EE-450E-AAAA-81D727D7081B}.Release|x86.Build.0 = Release|Any CPU
		{4DE0992B-8A61-4517-B437-1D2839FB8C60}.Debug|Any CPU.ActiveCfg = Debug|Any CPU
		{4DE0992B-8A61-4517-B437-1D2839FB8C60}.Debug|Any CPU.Build.0 = Debug|Any CPU
		{4DE0992B-8A61-4517-B437-1D2839FB8C60}.Debug|x64.ActiveCfg = Debug|Any CPU
		{4DE0992B-8A61-4517-B437-1D2839FB8C60}.Debug|x64.Build.0 = Debug|Any CPU
		{4DE0992B-8A61-4517-B437-1D2839FB8C60}.Debug|x86.ActiveCfg = Debug|Any CPU
		{4DE0992B-8A61-4517-B437-1D2839FB8C60}.Debug|x86.Build.0 = Debug|Any CPU
		{4DE0992B-8A61-4517-B437-1D2839FB8C60}.Release|Any CPU.ActiveCfg = Release|Any CPU
		{4DE0992B-8A61-4517-B437-1D2839FB8C60}.Release|Any CPU.Build.0 = Release|Any CPU
		{4DE0992B-8A61-4517-B437-1D2839FB8C60}.Release|x64.ActiveCfg = Release|Any CPU
		{4DE0992B-8A61-4517-B437-1D2839FB8C60}.Release|x64.Build.0 = Release|Any CPU
		{4DE0992B-8A61-4517-B437-1D2839FB8C60}.Release|x86.ActiveCfg = Release|Any CPU
		{4DE0992B-8A61-4517-B437-1D2839FB8C60}.Release|x86.Build.0 = Release|Any CPU
		{022504BC-9899-4498-BA66-B2F9544E6A94}.Debug|Any CPU.ActiveCfg = Debug|Any CPU
		{022504BC-9899-4498-BA66-B2F9544E6A94}.Debug|Any CPU.Build.0 = Debug|Any CPU
		{022504BC-9899-4498-BA66-B2F9544E6A94}.Debug|x64.ActiveCfg = Debug|Any CPU
		{022504BC-9899-4498-BA66-B2F9544E6A94}.Debug|x64.Build.0 = Debug|Any CPU
		{022504BC-9899-4498-BA66-B2F9544E6A94}.Debug|x86.ActiveCfg = Debug|Any CPU
		{022504BC-9899-4498-BA66-B2F9544E6A94}.Debug|x86.Build.0 = Debug|Any CPU
		{022504BC-9899-4498-BA66-B2F9544E6A94}.Release|Any CPU.ActiveCfg = Release|Any CPU
		{022504BC-9899-4498-BA66-B2F9544E6A94}.Release|Any CPU.Build.0 = Release|Any CPU
		{022504BC-9899-4498-BA66-B2F9544E6A94}.Release|x64.ActiveCfg = Release|Any CPU
		{022504BC-9899-4498-BA66-B2F9544E6A94}.Release|x64.Build.0 = Release|Any CPU
		{022504BC-9899-4498-BA66-B2F9544E6A94}.Release|x86.ActiveCfg = Release|Any CPU
		{022504BC-9899-4498-BA66-B2F9544E6A94}.Release|x86.Build.0 = Release|Any CPU
		{4D598371-5AE4-48BA-85FE-85A8566C45C2}.Debug|Any CPU.ActiveCfg = Debug|Win32
		{4D598371-5AE4-48BA-85FE-85A8566C45C2}.Debug|x64.ActiveCfg = Debug|x64
		{4D598371-5AE4-48BA-85FE-85A8566C45C2}.Debug|x64.Build.0 = Debug|x64
		{4D598371-5AE4-48BA-85FE-85A8566C45C2}.Debug|x86.ActiveCfg = Debug|Win32
		{4D598371-5AE4-48BA-85FE-85A8566C45C2}.Debug|x86.Build.0 = Debug|Win32
		{4D598371-5AE4-48BA-85FE-85A8566C45C2}.Release|Any CPU.ActiveCfg = Release|Win32
		{4D598371-5AE4-48BA-85FE-85A8566C45C2}.Release|x64.ActiveCfg = Release|x64
		{4D598371-5AE4-48BA-85FE-85A8566C45C2}.Release|x64.Build.0 = Release|x64
		{4D598371-5AE4-48BA-85FE-85A8566C45C2}.Release|x86.ActiveCfg = Release|Win32
		{4D598371-5AE4-48BA-85FE-85A8566C45C2}.Release|x86.Build.0 = Release|Win32
		{AD85A381-9DAF-4341-A0AE-221D5011305F}.Debug|Any CPU.ActiveCfg = Debug|Any CPU
		{AD85A381-9DAF-4341-A0AE-221D5011305F}.Debug|Any CPU.Build.0 = Debug|Any CPU
		{AD85A381-9DAF-4341-A0AE-221D5011305F}.Debug|x64.ActiveCfg = Debug|Any CPU
		{AD85A381-9DAF-4341-A0AE-221D5011305F}.Debug|x64.Build.0 = Debug|Any CPU
		{AD85A381-9DAF-4341-A0AE-221D5011305F}.Debug|x86.ActiveCfg = Debug|Any CPU
		{AD85A381-9DAF-4341-A0AE-221D5011305F}.Debug|x86.Build.0 = Debug|Any CPU
		{AD85A381-9DAF-4341-A0AE-221D5011305F}.Release|Any CPU.ActiveCfg = Release|Any CPU
		{AD85A381-9DAF-4341-A0AE-221D5011305F}.Release|Any CPU.Build.0 = Release|Any CPU
		{AD85A381-9DAF-4341-A0AE-221D5011305F}.Release|x64.ActiveCfg = Release|Any CPU
		{AD85A381-9DAF-4341-A0AE-221D5011305F}.Release|x64.Build.0 = Release|Any CPU
		{AD85A381-9DAF-4341-A0AE-221D5011305F}.Release|x86.ActiveCfg = Release|Any CPU
		{AD85A381-9DAF-4341-A0AE-221D5011305F}.Release|x86.Build.0 = Release|Any CPU
		{386244EC-1343-466C-B17E-C8D21849B7CA}.Debug|Any CPU.ActiveCfg = Debug|Win32
		{386244EC-1343-466C-B17E-C8D21849B7CA}.Debug|x64.ActiveCfg = Debug|x64
		{386244EC-1343-466C-B17E-C8D21849B7CA}.Debug|x64.Build.0 = Debug|x64
		{386244EC-1343-466C-B17E-C8D21849B7CA}.Debug|x86.ActiveCfg = Debug|Win32
		{386244EC-1343-466C-B17E-C8D21849B7CA}.Debug|x86.Build.0 = Debug|Win32
		{386244EC-1343-466C-B17E-C8D21849B7CA}.Release|Any CPU.ActiveCfg = Release|Win32
		{386244EC-1343-466C-B17E-C8D21849B7CA}.Release|x64.ActiveCfg = Release|x64
		{386244EC-1343-466C-B17E-C8D21849B7CA}.Release|x64.Build.0 = Release|x64
		{386244EC-1343-466C-B17E-C8D21849B7CA}.Release|x86.ActiveCfg = Release|Win32
		{386244EC-1343-466C-B17E-C8D21849B7CA}.Release|x86.Build.0 = Release|Win32
		{C7A6BEA1-8BAA-4DFD-98F3-E08E5FE40574}.Debug|Any CPU.ActiveCfg = Debug|Win32
		{C7A6BEA1-8BAA-4DFD-98F3-E08E5FE40574}.Debug|x64.ActiveCfg = Debug|x64
		{C7A6BEA1-8BAA-4DFD-98F3-E08E5FE40574}.Debug|x64.Build.0 = Debug|x64
		{C7A6BEA1-8BAA-4DFD-98F3-E08E5FE40574}.Debug|x86.ActiveCfg = Debug|Win32
		{C7A6BEA1-8BAA-4DFD-98F3-E08E5FE40574}.Debug|x86.Build.0 = Debug|Win32
		{C7A6BEA1-8BAA-4DFD-98F3-E08E5FE40574}.Release|Any CPU.ActiveCfg = Release|Win32
		{C7A6BEA1-8BAA-4DFD-98F3-E08E5FE40574}.Release|x64.ActiveCfg = Release|x64
		{C7A6BEA1-8BAA-4DFD-98F3-E08E5FE40574}.Release|x64.Build.0 = Release|x64
		{C7A6BEA1-8BAA-4DFD-98F3-E08E5FE40574}.Release|x86.ActiveCfg = Release|Win32
		{C7A6BEA1-8BAA-4DFD-98F3-E08E5FE40574}.Release|x86.Build.0 = Release|Win32
		{E4A595C8-1E09-4DE1-9526-5D3053D68D0B}.Debug|Any CPU.ActiveCfg = Debug|Win32
		{E4A595C8-1E09-4DE1-9526-5D3053D68D0B}.Debug|x64.ActiveCfg = Debug|x64
		{E4A595C8-1E09-4DE1-9526-5D3053D68D0B}.Debug|x64.Build.0 = Debug|x64
		{E4A595C8-1E09-4DE1-9526-5D3053D68D0B}.Debug|x86.ActiveCfg = Debug|Win32
		{E4A595C8-1E09-4DE1-9526-5D3053D68D0B}.Debug|x86.Build.0 = Debug|Win32
		{E4A595C8-1E09-4DE1-9526-5D3053D68D0B}.Release|Any CPU.ActiveCfg = Release|Win32
		{E4A595C8-1E09-4DE1-9526-5D3053D68D0B}.Release|x64.ActiveCfg = Release|x64
		{E4A595C8-1E09-4DE1-9526-5D3053D68D0B}.Release|x64.Build.0 = Release|x64
		{E4A595C8-1E09-4DE1-9526-5D3053D68D0B}.Release|x86.ActiveCfg = Release|Win32
		{E4A595C8-1E09-4DE1-9526-5D3053D68D0B}.Release|x86.Build.0 = Release|Win32
		{D24D5B98-F86E-4D21-A086-CE178D68ADD6}.Debug|Any CPU.ActiveCfg = Debug|Any CPU
		{D24D5B98-F86E-4D21-A086-CE178D68ADD6}.Debug|Any CPU.Build.0 = Debug|Any CPU
		{D24D5B98-F86E-4D21-A086-CE178D68ADD6}.Debug|x64.ActiveCfg = Debug|Any CPU
		{D24D5B98-F86E-4D21-A086-CE178D68ADD6}.Debug|x64.Build.0 = Debug|Any CPU
		{D24D5B98-F86E-4D21-A086-CE178D68ADD6}.Debug|x86.ActiveCfg = Debug|Any CPU
		{D24D5B98-F86E-4D21-A086-CE178D68ADD6}.Debug|x86.Build.0 = Debug|Any CPU
		{D24D5B98-F86E-4D21-A086-CE178D68ADD6}.Release|Any CPU.ActiveCfg = Release|Any CPU
		{D24D5B98-F86E-4D21-A086-CE178D68ADD6}.Release|Any CPU.Build.0 = Release|Any CPU
		{D24D5B98-F86E-4D21-A086-CE178D68ADD6}.Release|x64.ActiveCfg = Release|Any CPU
		{D24D5B98-F86E-4D21-A086-CE178D68ADD6}.Release|x64.Build.0 = Release|Any CPU
		{D24D5B98-F86E-4D21-A086-CE178D68ADD6}.Release|x86.ActiveCfg = Release|Any CPU
		{D24D5B98-F86E-4D21-A086-CE178D68ADD6}.Release|x86.Build.0 = Release|Any CPU
		{A8C8A39A-F886-4635-A2B1-3FD028CDB7CD}.Debug|Any CPU.ActiveCfg = Debug|Win32
		{A8C8A39A-F886-4635-A2B1-3FD028CDB7CD}.Debug|x64.ActiveCfg = Debug|x64
		{A8C8A39A-F886-4635-A2B1-3FD028CDB7CD}.Debug|x64.Build.0 = Debug|x64
		{A8C8A39A-F886-4635-A2B1-3FD028CDB7CD}.Debug|x86.ActiveCfg = Debug|Win32
		{A8C8A39A-F886-4635-A2B1-3FD028CDB7CD}.Debug|x86.Build.0 = Debug|Win32
		{A8C8A39A-F886-4635-A2B1-3FD028CDB7CD}.Release|Any CPU.ActiveCfg = Release|Win32
		{A8C8A39A-F886-4635-A2B1-3FD028CDB7CD}.Release|x64.ActiveCfg = Release|x64
		{A8C8A39A-F886-4635-A2B1-3FD028CDB7CD}.Release|x64.Build.0 = Release|x64
		{A8C8A39A-F886-4635-A2B1-3FD028CDB7CD}.Release|x86.ActiveCfg = Release|Win32
		{A8C8A39A-F886-4635-A2B1-3FD028CDB7CD}.Release|x86.Build.0 = Release|Win32
		{0F5165CF-8F2E-41A3-843B-0F3D5138BE92}.Debug|Any CPU.ActiveCfg = Debug|Win32
		{0F5165CF-8F2E-41A3-843B-0F3D5138BE92}.Debug|x64.ActiveCfg = Debug|x64
		{0F5165CF-8F2E-41A3-843B-0F3D5138BE92}.Debug|x64.Build.0 = Debug|x64
		{0F5165CF-8F2E-41A3-843B-0F3D5138BE92}.Debug|x86.ActiveCfg = Debug|Win32
		{0F5165CF-8F2E-41A3-843B-0F3D5138BE92}.Debug|x86.Build.0 = Debug|Win32
		{0F5165CF-8F2E-41A3-843B-0F3D5138BE92}.Release|Any CPU.ActiveCfg = Release|Win32
		{0F5165CF-8F2E-41A3-843B-0F3D5138BE92}.Release|x64.ActiveCfg = Release|x64
		{0F5165CF-8F2E-41A3-843B-0F3D5138BE92}.Release|x64.Build.0 = Release|x64
		{0F5165CF-8F2E-41A3-843B-0F3D5138BE92}.Release|x86.ActiveCfg = Release|Win32
		{0F5165CF-8F2E-41A3-843B-0F3D5138BE92}.Release|x86.Build.0 = Release|Win32
		{73B5B166-D794-4429-AD2C-8291C7D02410}.Debug|Any CPU.ActiveCfg = Debug|Win32
		{73B5B166-D794-4429-AD2C-8291C7D02410}.Debug|x64.ActiveCfg = Debug|x64
		{73B5B166-D794-4429-AD2C-8291C7D02410}.Debug|x64.Build.0 = Debug|x64
		{73B5B166-D794-4429-AD2C-8291C7D02410}.Debug|x86.ActiveCfg = Debug|Win32
		{73B5B166-D794-4429-AD2C-8291C7D02410}.Debug|x86.Build.0 = Debug|Win32
		{73B5B166-D794-4429-AD2C-8291C7D02410}.Release|Any CPU.ActiveCfg = Release|Win32
		{73B5B166-D794-4429-AD2C-8291C7D02410}.Release|x64.ActiveCfg = Release|x64
		{73B5B166-D794-4429-AD2C-8291C7D02410}.Release|x64.Build.0 = Release|x64
		{73B5B166-D794-4429-AD2C-8291C7D02410}.Release|x86.ActiveCfg = Release|Win32
		{73B5B166-D794-4429-AD2C-8291C7D02410}.Release|x86.Build.0 = Release|Win32
		{173DA48D-AF9E-47FF-A071-81D3E5E8F998}.Debug|Any CPU.ActiveCfg = Debug|Win32
		{173DA48D-AF9E-47FF-A071-81D3E5E8F998}.Debug|x64.ActiveCfg = Debug|Win32
		{173DA48D-AF9E-47FF-A071-81D3E5E8F998}.Debug|x86.ActiveCfg = Debug|Win32
		{173DA48D-AF9E-47FF-A071-81D3E5E8F998}.Debug|x86.Build.0 = Debug|Win32
		{173DA48D-AF9E-47FF-A071-81D3E5E8F998}.Release|Any CPU.ActiveCfg = Release|Win32
		{173DA48D-AF9E-47FF-A071-81D3E5E8F998}.Release|x64.ActiveCfg = Release|Win32
		{173DA48D-AF9E-47FF-A071-81D3E5E8F998}.Release|x86.ActiveCfg = Release|Win32
		{173DA48D-AF9E-47FF-A071-81D3E5E8F998}.Release|x86.Build.0 = Release|Win32
		{37D083DA-69C9-45DE-B9EC-4E05F285FAD9}.Debug|Any CPU.ActiveCfg = Debug|Win32
		{37D083DA-69C9-45DE-B9EC-4E05F285FAD9}.Debug|x64.ActiveCfg = Debug|Win32
		{37D083DA-69C9-45DE-B9EC-4E05F285FAD9}.Debug|x86.ActiveCfg = Debug|Win32
		{37D083DA-69C9-45DE-B9EC-4E05F285FAD9}.Debug|x86.Build.0 = Debug|Win32
		{37D083DA-69C9-45DE-B9EC-4E05F285FAD9}.Release|Any CPU.ActiveCfg = Release|Win32
		{37D083DA-69C9-45DE-B9EC-4E05F285FAD9}.Release|x64.ActiveCfg = Release|Win32
		{37D083DA-69C9-45DE-B9EC-4E05F285FAD9}.Release|x86.ActiveCfg = Release|Win32
		{37D083DA-69C9-45DE-B9EC-4E05F285FAD9}.Release|x86.Build.0 = Release|Win32
		{9ECD580F-DD11-47AC-A291-4637E78EAA47}.Debug|Any CPU.ActiveCfg = Debug|Win32
		{9ECD580F-DD11-47AC-A291-4637E78EAA47}.Debug|x64.ActiveCfg = Debug|x64
		{9ECD580F-DD11-47AC-A291-4637E78EAA47}.Debug|x64.Build.0 = Debug|x64
		{9ECD580F-DD11-47AC-A291-4637E78EAA47}.Debug|x86.ActiveCfg = Debug|Win32
		{9ECD580F-DD11-47AC-A291-4637E78EAA47}.Debug|x86.Build.0 = Debug|Win32
		{9ECD580F-DD11-47AC-A291-4637E78EAA47}.Release|Any CPU.ActiveCfg = Release|Win32
		{9ECD580F-DD11-47AC-A291-4637E78EAA47}.Release|x64.ActiveCfg = Release|x64
		{9ECD580F-DD11-47AC-A291-4637E78EAA47}.Release|x64.Build.0 = Release|x64
		{9ECD580F-DD11-47AC-A291-4637E78EAA47}.Release|x86.ActiveCfg = Release|Win32
		{9ECD580F-DD11-47AC-A291-4637E78EAA47}.Release|x86.Build.0 = Release|Win32
		{9C706A32-0792-4637-9230-856EB82421F8}.Debug|Any CPU.ActiveCfg = Debug|Any CPU
		{9C706A32-0792-4637-9230-856EB82421F8}.Debug|Any CPU.Build.0 = Debug|Any CPU
		{9C706A32-0792-4637-9230-856EB82421F8}.Debug|x64.ActiveCfg = Debug|Any CPU
		{9C706A32-0792-4637-9230-856EB82421F8}.Debug|x64.Build.0 = Debug|Any CPU
		{9C706A32-0792-4637-9230-856EB82421F8}.Debug|x86.ActiveCfg = Debug|Any CPU
		{9C706A32-0792-4637-9230-856EB82421F8}.Debug|x86.Build.0 = Debug|Any CPU
		{9C706A32-0792-4637-9230-856EB82421F8}.Release|Any CPU.ActiveCfg = Release|Any CPU
		{9C706A32-0792-4637-9230-856EB82421F8}.Release|Any CPU.Build.0 = Release|Any CPU
		{9C706A32-0792-4637-9230-856EB82421F8}.Release|x64.ActiveCfg = Release|Any CPU
		{9C706A32-0792-4637-9230-856EB82421F8}.Release|x64.Build.0 = Release|Any CPU
		{9C706A32-0792-4637-9230-856EB82421F8}.Release|x86.ActiveCfg = Release|Any CPU
		{9C706A32-0792-4637-9230-856EB82421F8}.Release|x86.Build.0 = Release|Any CPU
	EndGlobalSection
	GlobalSection(SolutionProperties) = preSolution
		HideSolutionNode = FALSE
	EndGlobalSection
	GlobalSection(NestedProjects) = preSolution
		{946927C5-46EE-450E-AAAA-81D727D7081B} = {7EC4796F-F1D0-4971-A1BF-0EA6E2E58D55}
		{4D598371-5AE4-48BA-85FE-85A8566C45C2} = {73CE5A40-80F1-4533-ABCD-880121B036EF}
		{AD85A381-9DAF-4341-A0AE-221D5011305F} = {73CE5A40-80F1-4533-ABCD-880121B036EF}
		{386244EC-1343-466C-B17E-C8D21849B7CA} = {7DE4BFF7-5F14-4208-823C-EC76ED3743B5}
		{C7A6BEA1-8BAA-4DFD-98F3-E08E5FE40574} = {7DE4BFF7-5F14-4208-823C-EC76ED3743B5}
		{D24D5B98-F86E-4D21-A086-CE178D68ADD6} = {73CE5A40-80F1-4533-ABCD-880121B036EF}
		{A8C8A39A-F886-4635-A2B1-3FD028CDB7CD} = {0F217C12-9E72-429F-AB9B-E0C7ED3B5254}
		{0F5165CF-8F2E-41A3-843B-0F3D5138BE92} = {5628400C-A542-4EB8-9226-E9CC1E416E22}
		{73B5B166-D794-4429-AD2C-8291C7D02410} = {ACE1D32B-344E-4AFC-AAC7-A3C7254DF4B6}
		{173DA48D-AF9E-47FF-A071-81D3E5E8F998} = {ACE1D32B-344E-4AFC-AAC7-A3C7254DF4B6}
		{37D083DA-69C9-45DE-B9EC-4E05F285FAD9} = {ACE1D32B-344E-4AFC-AAC7-A3C7254DF4B6}
		{9ECD580F-DD11-47AC-A291-4637E78EAA47} = {ACE1D32B-344E-4AFC-AAC7-A3C7254DF4B6}
		{9C706A32-0792-4637-9230-856EB82421F8} = {73CE5A40-80F1-4533-ABCD-880121B036EF}
	EndGlobalSection
	GlobalSection(ExtensibilityGlobals) = postSolution
		SolutionGuid = {332783E9-77A1-4CD8-BCDE-9F694071FF4D}
	EndGlobalSection
EndGlobal
