
Microsoft Visual Studio Solution File, Format Version 12.00
# Visual Studio 15
VisualStudioVersion = 15.0.27130.2036
MinimumVisualStudioVersion = 10.0.40219.1
Project("{FAE04EC0-301F-11D3-BF4B-00C04F79EFBC}") = "studyCSharp", "studyCSharp\studyCSharp.csproj", "{946927C5-46EE-450E-AAAA-81D727D7081B}"
	ProjectSection(ProjectDependencies) = postProject
		{386244EC-1343-466C-B17E-C8D21849B7CA} = {386244EC-1343-466C-B17E-C8D21849B7CA}
	EndProjectSection
EndProject
Project("{8BC9CEB8-8B4A-11D0-8D11-00A0C91BC942}") = "CppDll", "CppDll\CppDll.vcxproj", "{386244EC-1343-466C-B17E-C8D21849B7CA}"
EndProject
Project("{8BC9CEB8-8B4A-11D0-8D11-00A0C91BC942}") = "CppTest", "CppTest\CppTest.vcxproj", "{C7A6BEA1-8BAA-4DFD-98F3-E08E5FE40574}"
EndProject
Project("{8BC9CEB8-8B4A-11D0-8D11-00A0C91BC942}") = "SDWRmcLib", "..\rmcsdk\rmdsdk\sources\SDWL\SDWRmcLib\SDWRmcLib.vcxproj", "{442882F4-ADA7-4118-A612-2B9AF9EC178C}"
EndProject
Project("{8BC9CEB8-8B4A-11D0-8D11-00A0C91BC942}") = "RmcSDKWrapperTest", "RmcSDKWrapperTest\RmcSDKWrapperTest.vcxproj", "{9C8EAAB2-FD4F-447D-B89C-66E09DF8BC53}"
EndProject
Project("{FAE04EC0-301F-11D3-BF4B-00C04F79EFBC}") = "forWPF", "forWPF\forWPF.csproj", "{4DE0992B-8A61-4517-B437-1D2839FB8C60}"
EndProject
Project("{8BC9CEB8-8B4A-11D0-8D11-00A0C91BC942}") = "funcLession", "funcLession\funcLession.vcxproj", "{4FA12DBC-09F8-40A9-A2FF-78673A192187}"
EndProject
Project("{FAE04EC0-301F-11D3-BF4B-00C04F79EFBC}") = "CsDll", "CsDll\CsDll.csproj", "{BE85FCDD-E6FB-4849-BE18-4A623DB741C7}"
EndProject
Global
	GlobalSection(SolutionConfigurationPlatforms) = preSolution
		Debug|Any CPU = Debug|Any CPU
		Debug|x64 = Debug|x64
		Debug|x86 = Debug|x86
		Release|Any CPU = Release|Any CPU
		Release|x64 = Release|x64
		Release|x86 = Release|x86
	EndGlobalSection
	GlobalSection(ProjectConfigurationPlatforms) = postSolution
		{946927C5-46EE-450E-AAAA-81D727D7081B}.Debug|Any CPU.ActiveCfg = Debug|Any CPU
		{946927C5-46EE-450E-AAAA-81D727D7081B}.Debug|Any CPU.Build.0 = Debug|Any CPU
		{946927C5-46EE-450E-AAAA-81D727D7081B}.Debug|x64.ActiveCfg = Debug|Any CPU
		{946927C5-46EE-450E-AAAA-81D727D7081B}.Debug|x64.Build.0 = Debug|Any CPU
		{946927C5-46EE-450E-AAAA-81D727D7081B}.Debug|x86.ActiveCfg = Debug|Any CPU
		{946927C5-46EE-450E-AAAA-81D727D7081B}.Debug|x86.Build.0 = Debug|Any CPU
		{946927C5-46EE-450E-AAAA-81D727D7081B}.Release|Any CPU.ActiveCfg = Release|Any CPU
		{946927C5-46EE-450E-AAAA-81D727D7081B}.Release|Any CPU.Build.0 = Release|Any CPU
		{946927C5-46EE-450E-AAAA-81D727D7081B}.Release|x64.ActiveCfg = Release|Any CPU
		{946927C5-46EE-450E-AAAA-81D727D7081B}.Release|x64.Build.0 = Release|Any CPU
		{946927C5-46EE-450E-AAAA-81D727D7081B}.Release|x86.ActiveCfg = Release|Any CPU
		{946927C5-46EE-450E-AAAA-81D727D7081B}.Release|x86.Build.0 = Release|Any CPU
		{386244EC-1343-466C-B17E-C8D21849B7CA}.Debug|Any CPU.ActiveCfg = Debug|Win32
		{386244EC-1343-466C-B17E-C8D21849B7CA}.Debug|x64.ActiveCfg = Debug|x64
		{386244EC-1343-466C-B17E-C8D21849B7CA}.Debug|x64.Build.0 = Debug|x64
		{386244EC-1343-466C-B17E-C8D21849B7CA}.Debug|x86.ActiveCfg = Debug|Win32
		{386244EC-1343-466C-B17E-C8D21849B7CA}.Debug|x86.Build.0 = Debug|Win32
		{386244EC-1343-466C-B17E-C8D21849B7CA}.Release|Any CPU.ActiveCfg = Release|Win32
		{386244EC-1343-466C-B17E-C8D21849B7CA}.Release|x64.ActiveCfg = Release|x64
		{386244EC-1343-466C-B17E-C8D21849B7CA}.Release|x64.Build.0 = Release|x64
		{386244EC-1343-466C-B17E-C8D21849B7CA}.Release|x86.ActiveCfg = Release|Win32
		{386244EC-1343-466C-B17E-C8D21849B7CA}.Release|x86.Build.0 = Release|Win32
		{C7A6BEA1-8BAA-4DFD-98F3-E08E5FE40574}.Debug|Any CPU.ActiveCfg = Debug|Win32
		{C7A6BEA1-8BAA-4DFD-98F3-E08E5FE40574}.Debug|x64.ActiveCfg = Debug|x64
		{C7A6BEA1-8BAA-4DFD-98F3-E08E5FE40574}.Debug|x64.Build.0 = Debug|x64
		{C7A6BEA1-8BAA-4DFD-98F3-E08E5FE40574}.Debug|x86.ActiveCfg = Debug|Win32
		{C7A6BEA1-8BAA-4DFD-98F3-E08E5FE40574}.Debug|x86.Build.0 = Debug|Win32
		{C7A6BEA1-8BAA-4DFD-98F3-E08E5FE40574}.Release|Any CPU.ActiveCfg = Release|Win32
		{C7A6BEA1-8BAA-4DFD-98F3-E08E5FE40574}.Release|x64.ActiveCfg = Release|x64
		{C7A6BEA1-8BAA-4DFD-98F3-E08E5FE40574}.Release|x64.Build.0 = Release|x64
		{C7A6BEA1-8BAA-4DFD-98F3-E08E5FE40574}.Release|x86.ActiveCfg = Release|Win32
		{C7A6BEA1-8BAA-4DFD-98F3-E08E5FE40574}.Release|x86.Build.0 = Release|Win32
		{442882F4-ADA7-4118-A612-2B9AF9EC178C}.Debug|Any CPU.ActiveCfg = Debug|Win32
		{442882F4-ADA7-4118-A612-2B9AF9EC178C}.Debug|x64.ActiveCfg = Debug|x64
		{442882F4-ADA7-4118-A612-2B9AF9EC178C}.Debug|x64.Build.0 = Debug|x64
		{442882F4-ADA7-4118-A612-2B9AF9EC178C}.Debug|x86.ActiveCfg = Debug|Win32
		{442882F4-ADA7-4118-A612-2B9AF9EC178C}.Debug|x86.Build.0 = Debug|Win32
		{442882F4-ADA7-4118-A612-2B9AF9EC178C}.Release|Any CPU.ActiveCfg = Release|Win32
		{442882F4-ADA7-4118-A612-2B9AF9EC178C}.Release|x64.ActiveCfg = Release|x64
		{442882F4-ADA7-4118-A612-2B9AF9EC178C}.Release|x64.Build.0 = Release|x64
		{442882F4-ADA7-4118-A612-2B9AF9EC178C}.Release|x86.ActiveCfg = Release|Win32
		{442882F4-ADA7-4118-A612-2B9AF9EC178C}.Release|x86.Build.0 = Release|Win32
		{9C8EAAB2-FD4F-447D-B89C-66E09DF8BC53}.Debug|Any CPU.ActiveCfg = Debug|Win32
		{9C8EAAB2-FD4F-447D-B89C-66E09DF8BC53}.Debug|x64.ActiveCfg = Debug|x64
		{9C8EAAB2-FD4F-447D-B89C-66E09DF8BC53}.Debug|x64.Build.0 = Debug|x64
		{9C8EAAB2-FD4F-447D-B89C-66E09DF8BC53}.Debug|x86.ActiveCfg = Debug|Win32
		{9C8EAAB2-FD4F-447D-B89C-66E09DF8BC53}.Debug|x86.Build.0 = Debug|Win32
		{9C8EAAB2-FD4F-447D-B89C-66E09DF8BC53}.Release|Any CPU.ActiveCfg = Release|Win32
		{9C8EAAB2-FD4F-447D-B89C-66E09DF8BC53}.Release|x64.ActiveCfg = Release|x64
		{9C8EAAB2-FD4F-447D-B89C-66E09DF8BC53}.Release|x64.Build.0 = Release|x64
		{9C8EAAB2-FD4F-447D-B89C-66E09DF8BC53}.Release|x86.ActiveCfg = Release|Win32
		{9C8EAAB2-FD4F-447D-B89C-66E09DF8BC53}.Release|x86.Build.0 = Release|Win32
		{4DE0992B-8A61-4517-B437-1D2839FB8C60}.Debug|Any CPU.ActiveCfg = Debug|Any CPU
		{4DE0992B-8A61-4517-B437-1D2839FB8C60}.Debug|Any CPU.Build.0 = Debug|Any CPU
		{4DE0992B-8A61-4517-B437-1D2839FB8C60}.Debug|x64.ActiveCfg = Debug|Any CPU
		{4DE0992B-8A61-4517-B437-1D2839FB8C60}.Debug|x64.Build.0 = Debug|Any CPU
		{4DE0992B-8A61-4517-B437-1D2839FB8C60}.Debug|x86.ActiveCfg = Debug|Any CPU
		{4DE0992B-8A61-4517-B437-1D2839FB8C60}.Debug|x86.Build.0 = Debug|Any CPU
		{4DE0992B-8A61-4517-B437-1D2839FB8C60}.Release|Any CPU.ActiveCfg = Release|Any CPU
		{4DE0992B-8A61-4517-B437-1D2839FB8C60}.Release|Any CPU.Build.0 = Release|Any CPU
		{4DE0992B-8A61-4517-B437-1D2839FB8C60}.Release|x64.ActiveCfg = Release|Any CPU
		{4DE0992B-8A61-4517-B437-1D2839FB8C60}.Release|x64.Build.0 = Release|Any CPU
		{4DE0992B-8A61-4517-B437-1D2839FB8C60}.Release|x86.ActiveCfg = Release|Any CPU
		{4DE0992B-8A61-4517-B437-1D2839FB8C60}.Release|x86.Build.0 = Release|Any CPU
		{4FA12DBC-09F8-40A9-A2FF-78673A192187}.Debug|Any CPU.ActiveCfg = Debug|Win32
		{4FA12DBC-09F8-40A9-A2FF-78673A192187}.Debug|x64.ActiveCfg = Debug|x64
		{4FA12DBC-09F8-40A9-A2FF-78673A192187}.Debug|x64.Build.0 = Debug|x64
		{4FA12DBC-09F8-40A9-A2FF-78673A192187}.Debug|x86.ActiveCfg = Debug|Win32
		{4FA12DBC-09F8-40A9-A2FF-78673A192187}.Debug|x86.Build.0 = Debug|Win32
		{4FA12DBC-09F8-40A9-A2FF-78673A192187}.Release|Any CPU.ActiveCfg = Release|Win32
		{4FA12DBC-09F8-40A9-A2FF-78673A192187}.Release|x64.ActiveCfg = Release|x64
		{4FA12DBC-09F8-40A9-A2FF-78673A192187}.Release|x64.Build.0 = Release|x64
		{4FA12DBC-09F8-40A9-A2FF-78673A192187}.Release|x86.ActiveCfg = Release|Win32
		{4FA12DBC-09F8-40A9-A2FF-78673A192187}.Release|x86.Build.0 = Release|Win32
		{BE85FCDD-E6FB-4849-BE18-4A623DB741C7}.Debug|Any CPU.ActiveCfg = Debug|Any CPU
		{BE85FCDD-E6FB-4849-BE18-4A623DB741C7}.Debug|Any CPU.Build.0 = Debug|Any CPU
		{BE85FCDD-E6FB-4849-BE18-4A623DB741C7}.Debug|x64.ActiveCfg = Debug|Any CPU
		{BE85FCDD-E6FB-4849-BE18-4A623DB741C7}.Debug|x64.Build.0 = Debug|Any CPU
		{BE85FCDD-E6FB-4849-BE18-4A623DB741C7}.Debug|x86.ActiveCfg = Debug|Any CPU
		{BE85FCDD-E6FB-4849-BE18-4A623DB741C7}.Debug|x86.Build.0 = Debug|Any CPU
		{BE85FCDD-E6FB-4849-BE18-4A623DB741C7}.Release|Any CPU.ActiveCfg = Release|Any CPU
		{BE85FCDD-E6FB-4849-BE18-4A623DB741C7}.Release|Any CPU.Build.0 = Release|Any CPU
		{BE85FCDD-E6FB-4849-BE18-4A623DB741C7}.Release|x64.ActiveCfg = Release|Any CPU
		{BE85FCDD-E6FB-4849-BE18-4A623DB741C7}.Release|x64.Build.0 = Release|Any CPU
		{BE85FCDD-E6FB-4849-BE18-4A623DB741C7}.Release|x86.ActiveCfg = Release|Any CPU
		{BE85FCDD-E6FB-4849-BE18-4A623DB741C7}.Release|x86.Build.0 = Release|Any CPU
	EndGlobalSection
	GlobalSection(SolutionProperties) = preSolution
		HideSolutionNode = FALSE
	EndGlobalSection
	GlobalSection(ExtensibilityGlobals) = postSolution
		SolutionGuid = {332783E9-77A1-4CD8-BCDE-9F694071FF4D}
	EndGlobalSection
EndGlobal
