
Microsoft Visual Studio Solution File, Format Version 12.00
# Visual Studio 15
VisualStudioVersion = 15.0.27130.2036
MinimumVisualStudioVersion = 10.0.40219.1
Project("{FAE04EC0-301F-11D3-BF4B-00C04F79EFBC}") = "studyCSharp", "studyCSharp\studyCSharp.csproj", "{946927C5-46EE-450E-AAAA-81D727D7081B}"
	ProjectSection(ProjectDependencies) = postProject
		{386244EC-1343-466C-B17E-C8D21849B7CA} = {386244EC-1343-466C-B17E-C8D21849B7CA}
	EndProjectSection
EndProject
Project("{FAE04EC0-301F-11D3-BF4B-00C04F79EFBC}") = "forWPF", "forWPF\forWPF.csproj", "{4DE0992B-8A61-4517-B437-1D2839FB8C60}"
EndProject
Project("{FAE04EC0-301F-11D3-BF4B-00C04F79EFBC}") = "CSVSTOViewWordInWPF", "CSVSTOViewWordInWPF\CSVSTOViewWordInWPF.csproj", "{7F02E934-A016-42FE-AFA2-095E9BFB546E}"
EndProject
Project("{FAE04EC0-301F-11D3-BF4B-00C04F79EFBC}") = "showPDF", "showPDF\showPDF.csproj", "{96345791-457A-408A-8ECC-7BEB3DF9D645}"
EndProject
Project("{FAE04EC0-301F-11D3-BF4B-00C04F79EFBC}") = "PdfViewerWPFDemo", "PdfViewerWPFDemo\PdfViewerWPFDemo.csproj", "{A0E180F4-E84A-457C-85C8-4EF1BE826E76}"
EndProject
Project("{8BC9CEB8-8B4A-11D0-8D11-00A0C91BC942}") = "CppDll", "CppDll\CppDll.vcxproj", "{386244EC-1343-466C-B17E-C8D21849B7CA}"
EndProject
Project("{8BC9CEB8-8B4A-11D0-8D11-00A0C91BC942}") = "CppTest", "CppTest\CppTest.vcxproj", "{C7A6BEA1-8BAA-4DFD-98F3-E08E5FE40574}"
EndProject
Global
	GlobalSection(SolutionConfigurationPlatforms) = preSolution
		Debug|Any CPU = Debug|Any CPU
		Debug|x64 = Debug|x64
		Debug|x86 = Debug|x86
		Release|Any CPU = Release|Any CPU
		Release|x64 = Release|x64
		Release|x86 = Release|x86
	EndGlobalSection
	GlobalSection(ProjectConfigurationPlatforms) = postSolution
		{946927C5-46EE-450E-AAAA-81D727D7081B}.Debug|Any CPU.ActiveCfg = Debug|Any CPU
		{946927C5-46EE-450E-AAAA-81D727D7081B}.Debug|Any CPU.Build.0 = Debug|Any CPU
		{946927C5-46EE-450E-AAAA-81D727D7081B}.Debug|x64.ActiveCfg = Debug|Any CPU
		{946927C5-46EE-450E-AAAA-81D727D7081B}.Debug|x64.Build.0 = Debug|Any CPU
		{946927C5-46EE-450E-AAAA-81D727D7081B}.Debug|x86.ActiveCfg = Debug|Any CPU
		{946927C5-46EE-450E-AAAA-81D727D7081B}.Debug|x86.Build.0 = Debug|Any CPU
		{946927C5-46EE-450E-AAAA-81D727D7081B}.Release|Any CPU.ActiveCfg = Release|Any CPU
		{946927C5-46EE-450E-AAAA-81D727D7081B}.Release|Any CPU.Build.0 = Release|Any CPU
		{946927C5-46EE-450E-AAAA-81D727D7081B}.Release|x64.ActiveCfg = Release|Any CPU
		{946927C5-46EE-450E-AAAA-81D727D7081B}.Release|x64.Build.0 = Release|Any CPU
		{946927C5-46EE-450E-AAAA-81D727D7081B}.Release|x86.ActiveCfg = Release|Any CPU
		{946927C5-46EE-450E-AAAA-81D727D7081B}.Release|x86.Build.0 = Release|Any CPU
		{4DE0992B-8A61-4517-B437-1D2839FB8C60}.Debug|Any CPU.ActiveCfg = Debug|Any CPU
		{4DE0992B-8A61-4517-B437-1D2839FB8C60}.Debug|Any CPU.Build.0 = Debug|Any CPU
		{4DE0992B-8A61-4517-B437-1D2839FB8C60}.Debug|x64.ActiveCfg = Debug|Any CPU
		{4DE0992B-8A61-4517-B437-1D2839FB8C60}.Debug|x64.Build.0 = Debug|Any CPU
		{4DE0992B-8A61-4517-B437-1D2839FB8C60}.Debug|x86.ActiveCfg = Debug|Any CPU
		{4DE0992B-8A61-4517-B437-1D2839FB8C60}.Debug|x86.Build.0 = Debug|Any CPU
		{4DE0992B-8A61-4517-B437-1D2839FB8C60}.Release|Any CPU.ActiveCfg = Release|Any CPU
		{4DE0992B-8A61-4517-B437-1D2839FB8C60}.Release|Any CPU.Build.0 = Release|Any CPU
		{4DE0992B-8A61-4517-B437-1D2839FB8C60}.Release|x64.ActiveCfg = Release|Any CPU
		{4DE0992B-8A61-4517-B437-1D2839FB8C60}.Release|x64.Build.0 = Release|Any CPU
		{4DE0992B-8A61-4517-B437-1D2839FB8C60}.Release|x86.ActiveCfg = Release|Any CPU
		{4DE0992B-8A61-4517-B437-1D2839FB8C60}.Release|x86.Build.0 = Release|Any CPU
		{7F02E934-A016-42FE-AFA2-095E9BFB546E}.Debug|Any CPU.ActiveCfg = Debug|x86
		{7F02E934-A016-42FE-AFA2-095E9BFB546E}.Debug|x64.ActiveCfg = Debug|x86
		{7F02E934-A016-42FE-AFA2-095E9BFB546E}.Debug|x86.ActiveCfg = Debug|x86
		{7F02E934-A016-42FE-AFA2-095E9BFB546E}.Debug|x86.Build.0 = Debug|x86
		{7F02E934-A016-42FE-AFA2-095E9BFB546E}.Release|Any CPU.ActiveCfg = Release|x86
		{7F02E934-A016-42FE-AFA2-095E9BFB546E}.Release|x64.ActiveCfg = Release|x86
		{7F02E934-A016-42FE-AFA2-095E9BFB546E}.Release|x86.ActiveCfg = Release|x86
		{7F02E934-A016-42FE-AFA2-095E9BFB546E}.Release|x86.Build.0 = Release|x86
		{96345791-457A-408A-8ECC-7BEB3DF9D645}.Debug|Any CPU.ActiveCfg = Debug|Any CPU
		{96345791-457A-408A-8ECC-7BEB3DF9D645}.Debug|Any CPU.Build.0 = Debug|Any CPU
		{96345791-457A-408A-8ECC-7BEB3DF9D645}.Debug|x64.ActiveCfg = Debug|Any CPU
		{96345791-457A-408A-8ECC-7BEB3DF9D645}.Debug|x64.Build.0 = Debug|Any CPU
		{96345791-457A-408A-8ECC-7BEB3DF9D645}.Debug|x86.ActiveCfg = Debug|Any CPU
		{96345791-457A-408A-8ECC-7BEB3DF9D645}.Debug|x86.Build.0 = Debug|Any CPU
		{96345791-457A-408A-8ECC-7BEB3DF9D645}.Release|Any CPU.ActiveCfg = Release|Any CPU
		{96345791-457A-408A-8ECC-7BEB3DF9D645}.Release|Any CPU.Build.0 = Release|Any CPU
		{96345791-457A-408A-8ECC-7BEB3DF9D645}.Release|x64.ActiveCfg = Release|Any CPU
		{96345791-457A-408A-8ECC-7BEB3DF9D645}.Release|x64.Build.0 = Release|Any CPU
		{96345791-457A-408A-8ECC-7BEB3DF9D645}.Release|x86.ActiveCfg = Release|Any CPU
		{96345791-457A-408A-8ECC-7BEB3DF9D645}.Release|x86.Build.0 = Release|Any CPU
		{A0E180F4-E84A-457C-85C8-4EF1BE826E76}.Debug|Any CPU.ActiveCfg = Debug|Any CPU
		{A0E180F4-E84A-457C-85C8-4EF1BE826E76}.Debug|Any CPU.Build.0 = Debug|Any CPU
		{A0E180F4-E84A-457C-85C8-4EF1BE826E76}.Debug|x64.ActiveCfg = Debug|x64
		{A0E180F4-E84A-457C-85C8-4EF1BE826E76}.Debug|x64.Build.0 = Debug|x64
		{A0E180F4-E84A-457C-85C8-4EF1BE826E76}.Debug|x86.ActiveCfg = Debug|x86
		{A0E180F4-E84A-457C-85C8-4EF1BE826E76}.Debug|x86.Build.0 = Debug|x86
		{A0E180F4-E84A-457C-85C8-4EF1BE826E76}.Release|Any CPU.ActiveCfg = Release|Any CPU
		{A0E180F4-E84A-457C-85C8-4EF1BE826E76}.Release|Any CPU.Build.0 = Release|Any CPU
		{A0E180F4-E84A-457C-85C8-4EF1BE826E76}.Release|x64.ActiveCfg = Release|x64
		{A0E180F4-E84A-457C-85C8-4EF1BE826E76}.Release|x64.Build.0 = Release|x64
		{A0E180F4-E84A-457C-85C8-4EF1BE826E76}.Release|x86.ActiveCfg = Release|x86
		{A0E180F4-E84A-457C-85C8-4EF1BE826E76}.Release|x86.Build.0 = Release|x86
		{386244EC-1343-466C-B17E-C8D21849B7CA}.Debug|Any CPU.ActiveCfg = Debug|Win32
		{386244EC-1343-466C-B17E-C8D21849B7CA}.Debug|x64.ActiveCfg = Debug|x64
		{386244EC-1343-466C-B17E-C8D21849B7CA}.Debug|x64.Build.0 = Debug|x64
		{386244EC-1343-466C-B17E-C8D21849B7CA}.Debug|x86.ActiveCfg = Debug|Win32
		{386244EC-1343-466C-B17E-C8D21849B7CA}.Debug|x86.Build.0 = Debug|Win32
		{386244EC-1343-466C-B17E-C8D21849B7CA}.Release|Any CPU.ActiveCfg = Release|Win32
		{386244EC-1343-466C-B17E-C8D21849B7CA}.Release|x64.ActiveCfg = Release|x64
		{386244EC-1343-466C-B17E-C8D21849B7CA}.Release|x64.Build.0 = Release|x64
		{386244EC-1343-466C-B17E-C8D21849B7CA}.Release|x86.ActiveCfg = Release|Win32
		{386244EC-1343-466C-B17E-C8D21849B7CA}.Release|x86.Build.0 = Release|Win32
		{C7A6BEA1-8BAA-4DFD-98F3-E08E5FE40574}.Debug|Any CPU.ActiveCfg = Debug|Win32
		{C7A6BEA1-8BAA-4DFD-98F3-E08E5FE40574}.Debug|x64.ActiveCfg = Debug|x64
		{C7A6BEA1-8BAA-4DFD-98F3-E08E5FE40574}.Debug|x64.Build.0 = Debug|x64
		{C7A6BEA1-8BAA-4DFD-98F3-E08E5FE40574}.Debug|x86.ActiveCfg = Debug|Win32
		{C7A6BEA1-8BAA-4DFD-98F3-E08E5FE40574}.Debug|x86.Build.0 = Debug|Win32
		{C7A6BEA1-8BAA-4DFD-98F3-E08E5FE40574}.Release|Any CPU.ActiveCfg = Release|Win32
		{C7A6BEA1-8BAA-4DFD-98F3-E08E5FE40574}.Release|x64.ActiveCfg = Release|x64
		{C7A6BEA1-8BAA-4DFD-98F3-E08E5FE40574}.Release|x64.Build.0 = Release|x64
		{C7A6BEA1-8BAA-4DFD-98F3-E08E5FE40574}.Release|x86.ActiveCfg = Release|Win32
		{C7A6BEA1-8BAA-4DFD-98F3-E08E5FE40574}.Release|x86.Build.0 = Release|Win32
	EndGlobalSection
	GlobalSection(SolutionProperties) = preSolution
		HideSolutionNode = FALSE
	EndGlobalSection
	GlobalSection(ExtensibilityGlobals) = postSolution
		SolutionGuid = {332783E9-77A1-4CD8-BCDE-9F694071FF4D}
	EndGlobalSection
EndGlobal
