<?xml version="1.0" encoding="utf-8"?>
<Project ToolsVersion="4.0" xmlns="http://schemas.microsoft.com/developer/msbuild/2003">
  <ItemGroup>
    <Filter Include="Source Files">
      <UniqueIdentifier>{4FC737F1-C7A5-4376-A066-2A32D752A2FF}</UniqueIdentifier>
      <Extensions>cpp;c;cc;cxx;def;odl;idl;hpj;bat;asm;asmx</Extensions>
    </Filter>
    <Filter Include="Header Files">
      <UniqueIdentifier>{93995380-89BD-4b04-88EB-625FBE52EBFB}</UniqueIdentifier>
      <Extensions>h;hh;hpp;hxx;hm;inl;inc;ipp;xsd</Extensions>
    </Filter>
    <Filter Include="Resource Files">
      <UniqueIdentifier>{67DA6AB6-F800-4c08-8B7A-83BB121AAD01}</UniqueIdentifier>
      <Extensions>rc;ico;cur;bmp;dlg;rc2;rct;bin;rgs;gif;jpg;jpeg;jpe;resx;tiff;tif;png;wav;mfcribbon-ms</Extensions>
    </Filter>
    <Filter Include="Source Files\stl">
      <UniqueIdentifier>{f7950e80-61e0-4dd7-987a-9fe4408eb66f}</UniqueIdentifier>
    </Filter>
    <Filter Include="Source Files\syntax">
      <UniqueIdentifier>{1c7bc209-f5d5-4b40-98a4-9b68f6873261}</UniqueIdentifier>
    </Filter>
    <Filter Include="Source Files\template">
      <UniqueIdentifier>{68e202d4-2527-4335-84ee-f96eb0182846}</UniqueIdentifier>
    </Filter>
    <Filter Include="Source Files\stl\Concurrency">
      <UniqueIdentifier>{5622c9f2-50fe-470f-a520-2cfbb5f715ac}</UniqueIdentifier>
    </Filter>
    <Filter Include="Source Files\stl\msic">
      <UniqueIdentifier>{5a0bd96d-2f34-4882-8da8-af4084dc1fe1}</UniqueIdentifier>
    </Filter>
    <Filter Include="Source Files\stream">
      <UniqueIdentifier>{8878a3e9-eb51-4d7f-bb3b-8e0a64317a48}</UniqueIdentifier>
    </Filter>
    <Filter Include="Source Files\data_struct">
      <UniqueIdentifier>{130311c1-aff9-41d8-b721-c56ebedcb83a}</UniqueIdentifier>
    </Filter>
    <Filter Include="Source Files\data_struct\sort">
      <UniqueIdentifier>{93d1c242-ade8-454d-9dfe-5bb3bbebbd51}</UniqueIdentifier>
    </Filter>
    <Filter Include="Source Files\lib">
      <UniqueIdentifier>{071d7202-391a-4b9f-b938-207ff0c003a9}</UniqueIdentifier>
    </Filter>
  </ItemGroup>
  <ItemGroup>
    <ClInclude Include="pch.h">
      <Filter>Header Files</Filter>
    </ClInclude>
    <ClInclude Include="helper.hpp">
      <Filter>Header Files</Filter>
    </ClInclude>
  </ItemGroup>
  <ItemGroup>
    <ClCompile Include="sort.cpp">
      <Filter>Source Files\data_struct\sort</Filter>
    </ClCompile>
    <ClCompile Include="adapter.cpp">
      <Filter>Source Files\stl</Filter>
    </ClCompile>
    <ClCompile Include="algorithm.cpp">
      <Filter>Source Files\stl</Filter>
    </ClCompile>
    <ClCompile Include="allocator.cpp">
      <Filter>Source Files\stl</Filter>
    </ClCompile>
    <ClCompile Include="container.cpp">
      <Filter>Source Files\stl</Filter>
    </ClCompile>
    <ClCompile Include="iterator.cpp">
      <Filter>Source Files\stl</Filter>
    </ClCompile>
    <ClCompile Include="string.cpp">
      <Filter>Source Files\stl</Filter>
    </ClCompile>
    <ClCompile Include="main.cpp">
      <Filter>Source Files</Filter>
    </ClCompile>
    <ClCompile Include="pch.cpp">
      <Filter>Source Files</Filter>
    </ClCompile>
    <ClCompile Include="syntax.cpp">
      <Filter>Source Files\syntax</Filter>
    </ClCompile>
    <ClCompile Include="template.cpp">
      <Filter>Source Files\template</Filter>
    </ClCompile>
    <ClCompile Include="concurrency.cpp">
      <Filter>Source Files\stl\Concurrency</Filter>
    </ClCompile>
    <ClCompile Include="idiom.cpp">
      <Filter>Source Files\syntax</Filter>
    </ClCompile>
    <ClCompile Include="limits.cpp">
      <Filter>Source Files\stl\msic</Filter>
    </ClCompile>
    <ClCompile Include="stream.cpp">
      <Filter>Source Files\stream</Filter>
    </ClCompile>
    <ClCompile Include="regex.cpp">
      <Filter>Source Files\lib</Filter>
    </ClCompile>
    <ClCompile Include="aux_utils.cpp">
      <Filter>Source Files\lib</Filter>
    </ClCompile>
    <ClCompile Include="dsbase.cpp">
      <Filter>Source Files\data_struct</Filter>
    </ClCompile>
  </ItemGroup>
  <ItemGroup>
    <None Include="NoUse.hpp">
      <Filter>Header Files</Filter>
    </None>
  </ItemGroup>
</Project>