<?xml version="1.0" encoding="utf-8"?>
<Project ToolsVersion="4.0" xmlns="http://schemas.microsoft.com/developer/msbuild/2003">
  <ItemGroup>
    <Filter Include="Source Files">
      <UniqueIdentifier>{4FC737F1-C7A5-4376-A066-2A32D752A2FF}</UniqueIdentifier>
      <Extensions>cpp;c;cc;cxx;def;odl;idl;hpj;bat;asm;asmx</Extensions>
    </Filter>
    <Filter Include="Header Files">
      <UniqueIdentifier>{93995380-89BD-4b04-88EB-625FBE52EBFB}</UniqueIdentifier>
      <Extensions>h;hh;hpp;hxx;hm;inl;inc;ipp;xsd</Extensions>
    </Filter>
    <Filter Include="Resource Files">
      <UniqueIdentifier>{67DA6AB6-F800-4c08-8B7A-83BB121AAD01}</UniqueIdentifier>
      <Extensions>rc;ico;cur;bmp;dlg;rc2;rct;bin;rgs;gif;jpg;jpeg;jpe;resx;tiff;tif;png;wav;mfcribbon-ms</Extensions>
    </Filter>
    <Filter Include="Source Files\stl">
      <UniqueIdentifier>{f7950e80-61e0-4dd7-987a-9fe4408eb66f}</UniqueIdentifier>
    </Filter>
    <Filter Include="Source Files\syntax">
      <UniqueIdentifier>{1c7bc209-f5d5-4b40-98a4-9b68f6873261}</UniqueIdentifier>
    </Filter>
    <Filter Include="Source Files\template">
      <UniqueIdentifier>{68e202d4-2527-4335-84ee-f96eb0182846}</UniqueIdentifier>
    </Filter>
    <Filter Include="Source Files\stl\msic">
      <UniqueIdentifier>{5a0bd96d-2f34-4882-8da8-af4084dc1fe1}</UniqueIdentifier>
    </Filter>
    <Filter Include="Source Files\stream">
      <UniqueIdentifier>{8878a3e9-eb51-4d7f-bb3b-8e0a64317a48}</UniqueIdentifier>
    </Filter>
    <Filter Include="Source Files\lib">
      <UniqueIdentifier>{071d7202-391a-4b9f-b938-207ff0c003a9}</UniqueIdentifier>
    </Filter>
    <Filter Include="Source Files\stl\container">
      <UniqueIdentifier>{a0213a94-8e5d-43cb-ad39-02c377a35056}</UniqueIdentifier>
    </Filter>
    <Filter Include="Source Files\data_struct_and_algo">
      <UniqueIdentifier>{130311c1-aff9-41d8-b721-c56ebedcb83a}</UniqueIdentifier>
    </Filter>
    <Filter Include="Source Files\tricks_for_coding">
      <UniqueIdentifier>{adac3b44-d83e-4d19-9130-36ccae268b98}</UniqueIdentifier>
    </Filter>
    <Filter Include="Source Files\concurrency">
      <UniqueIdentifier>{5622c9f2-50fe-470f-a520-2cfbb5f715ac}</UniqueIdentifier>
    </Filter>
    <Filter Include="Source Files\stl\algorithm">
      <UniqueIdentifier>{9bc485ea-b461-4258-9eda-9ce5f300de51}</UniqueIdentifier>
    </Filter>
  </ItemGroup>
  <ItemGroup>
    <ClInclude Include="pch.h">
      <Filter>Header Files</Filter>
    </ClInclude>
    <ClInclude Include="helper.hpp">
      <Filter>Header Files</Filter>
    </ClInclude>
  </ItemGroup>
  <ItemGroup>
    <ClCompile Include="iterator.cpp">
      <Filter>Source Files\stl</Filter>
    </ClCompile>
    <ClCompile Include="string.cpp">
      <Filter>Source Files\stl</Filter>
    </ClCompile>
    <ClCompile Include="main.cpp">
      <Filter>Source Files</Filter>
    </ClCompile>
    <ClCompile Include="pch.cpp">
      <Filter>Source Files</Filter>
    </ClCompile>
    <ClCompile Include="syntax.cpp">
      <Filter>Source Files\syntax</Filter>
    </ClCompile>
    <ClCompile Include="template.cpp">
      <Filter>Source Files\template</Filter>
    </ClCompile>
    <ClCompile Include="concurrency.cpp">
      <Filter>Source Files\concurrency</Filter>
    </ClCompile>
    <ClCompile Include="idiom.cpp">
      <Filter>Source Files\syntax</Filter>
    </ClCompile>
    <ClCompile Include="limits.cpp">
      <Filter>Source Files\stl\msic</Filter>
    </ClCompile>
    <ClCompile Include="stream.cpp">
      <Filter>Source Files\stream</Filter>
    </ClCompile>
    <ClCompile Include="regex.cpp">
      <Filter>Source Files\lib</Filter>
    </ClCompile>
    <ClCompile Include="dsbase.cpp">
      <Filter>Source Files\data_struct_and_algo</Filter>
    </ClCompile>
    <ClCompile Include="functional.cpp">
      <Filter>Source Files\stl</Filter>
    </ClCompile>
    <ClCompile Include="set.cpp">
      <Filter>Source Files\stl\container</Filter>
    </ClCompile>
    <ClCompile Include="container.cpp">
      <Filter>Source Files\stl\container</Filter>
    </ClCompile>
    <ClCompile Include="adapter.cpp">
      <Filter>Source Files\stl\container</Filter>
    </ClCompile>
    <ClCompile Include="utility.cpp">
      <Filter>Source Files\lib</Filter>
    </ClCompile>
    <ClCompile Include="random.cpp">
      <Filter>Source Files\lib</Filter>
    </ClCompile>
    <ClCompile Include="chrono.cpp">
      <Filter>Source Files\lib</Filter>
    </ClCompile>
    <ClCompile Include="memory.cpp">
      <Filter>Source Files\lib</Filter>
    </ClCompile>
    <ClCompile Include="map.cpp">
      <Filter>Source Files\stl\container</Filter>
    </ClCompile>
    <ClCompile Include="algo-dp.cpp">
      <Filter>Source Files\data_struct_and_algo</Filter>
    </ClCompile>
    <ClCompile Include="algo-str.cpp">
      <Filter>Source Files\data_struct_and_algo</Filter>
    </ClCompile>
    <ClCompile Include="algo-hash.cpp">
      <Filter>Source Files\data_struct_and_algo</Filter>
    </ClCompile>
    <ClCompile Include="algo-linear.cpp">
      <Filter>Source Files\data_struct_and_algo</Filter>
    </ClCompile>
    <ClCompile Include="algo-tree.cpp">
      <Filter>Source Files\data_struct_and_algo</Filter>
    </ClCompile>
    <ClCompile Include="ds-hash.cpp">
      <Filter>Source Files\data_struct_and_algo</Filter>
    </ClCompile>
    <ClCompile Include="ds-linear.cpp">
      <Filter>Source Files\data_struct_and_algo</Filter>
    </ClCompile>
    <ClCompile Include="ds-sort.cpp">
      <Filter>Source Files\data_struct_and_algo</Filter>
    </ClCompile>
    <ClCompile Include="ds-tree.cpp">
      <Filter>Source Files\data_struct_and_algo</Filter>
    </ClCompile>
    <ClCompile Include="syntax_auto_decltype.cpp">
      <Filter>Source Files\syntax</Filter>
    </ClCompile>
    <ClCompile Include="syntax_define_int_var.cpp">
      <Filter>Source Files\syntax</Filter>
    </ClCompile>
    <ClCompile Include="syntax_nullptr.cpp">
      <Filter>Source Files\syntax</Filter>
    </ClCompile>
    <ClCompile Include="syntax_alias_declaration.cpp">
      <Filter>Source Files\syntax</Filter>
    </ClCompile>
    <ClCompile Include="syntax_scolped_enum_class.cpp">
      <Filter>Source Files\syntax</Filter>
    </ClCompile>
    <ClCompile Include="syntax_delete.cpp">
      <Filter>Source Files\syntax</Filter>
    </ClCompile>
    <ClCompile Include="syntax_kw_override.cpp">
      <Filter>Source Files\syntax</Filter>
    </ClCompile>
    <ClCompile Include="syntax_move_rvref.cpp">
      <Filter>Source Files\syntax</Filter>
    </ClCompile>
    <ClCompile Include="syntax_class_instance.cpp">
      <Filter>Source Files\syntax</Filter>
    </ClCompile>
    <ClCompile Include="syntax_rangebase_for.cpp">
      <Filter>Source Files\syntax</Filter>
    </ClCompile>
    <ClCompile Include="syntax_kw_constexpr.cpp">
      <Filter>Source Files\syntax</Filter>
    </ClCompile>
    <ClCompile Include="tricks_new_delete.cpp">
      <Filter>Source Files\tricks_for_coding</Filter>
    </ClCompile>
    <ClCompile Include="algorithm.cpp">
      <Filter>Source Files\stl\algorithm</Filter>
    </ClCompile>
  </ItemGroup>
  <ItemGroup>
    <None Include="NoUse.hpp">
      <Filter>Header Files</Filter>
    </None>
  </ItemGroup>
</Project>