<?xml version="1.0" encoding="utf-8"?>
<Project ToolsVersion="4.0" xmlns="http://schemas.microsoft.com/developer/msbuild/2003">
  <ItemGroup>
    <Filter Include="Source Files">
      <UniqueIdentifier>{4FC737F1-C7A5-4376-A066-2A32D752A2FF}</UniqueIdentifier>
      <Extensions>cpp;c;cc;cxx;def;odl;idl;hpj;bat;asm;asmx</Extensions>
    </Filter>
    <Filter Include="Header Files">
      <UniqueIdentifier>{93995380-89BD-4b04-88EB-625FBE52EBFB}</UniqueIdentifier>
      <Extensions>h;hh;hpp;hxx;hm;inl;inc;ipp;xsd</Extensions>
    </Filter>
    <Filter Include="Resource Files">
      <UniqueIdentifier>{67DA6AB6-F800-4c08-8B7A-83BB121AAD01}</UniqueIdentifier>
      <Extensions>rc;ico;cur;bmp;dlg;rc2;rct;bin;rgs;gif;jpg;jpeg;jpe;resx;tiff;tif;png;wav;mfcribbon-ms</Extensions>
    </Filter>
    <Filter Include="Source Files\ATL">
      <UniqueIdentifier>{bde26370-5c14-454f-8d3e-9880a4de5668}</UniqueIdentifier>
    </Filter>
    <Filter Include="misc">
      <UniqueIdentifier>{8b0c66ba-f64b-49aa-bef9-f2a0319f9483}</UniqueIdentifier>
    </Filter>
    <Filter Include="oye_tools">
      <UniqueIdentifier>{d44249ad-364f-4398-96e8-98b9880e24db}</UniqueIdentifier>
    </Filter>
  </ItemGroup>
  <ItemGroup>
    <ClInclude Include="stdafx.h">
      <Filter>Header Files</Filter>
    </ClInclude>
    <ClInclude Include="targetver.h">
      <Filter>Header Files</Filter>
    </ClInclude>
    <ClInclude Include="utils.h">
      <Filter>Header Files</Filter>
    </ClInclude>
    <ClInclude Include="Monitor.h">
      <Filter>Header Files</Filter>
    </ClInclude>
    <ClInclude Include="oye_handy_tools.hpp">
      <Filter>oye_tools</Filter>
    </ClInclude>
    <ClInclude Include="oye_str.hpp">
      <Filter>oye_tools</Filter>
    </ClInclude>
  </ItemGroup>
  <ItemGroup>
    <ClCompile Include="test-windows-api.cpp">
      <Filter>Source Files</Filter>
    </ClCompile>
    <ClCompile Include="test-utils.cpp">
      <Filter>Source Files</Filter>
    </ClCompile>
    <ClCompile Include="test-atl-api.cpp">
      <Filter>Source Files\ATL</Filter>
    </ClCompile>
    <ClCompile Include="test_win32_thread.cpp">
      <Filter>Source Files</Filter>
    </ClCompile>
    <ClCompile Include="stdafx.cpp">
      <Filter>misc</Filter>
    </ClCompile>
    <ClCompile Include="Monitor.cpp">
      <Filter>misc</Filter>
    </ClCompile>
    <ClCompile Include="utils.cpp">
      <Filter>misc</Filter>
    </ClCompile>
    <ClCompile Include="main.cpp">
      <Filter>Source Files</Filter>
    </ClCompile>
    <ClCompile Include="test-winuser-api.cpp">
      <Filter>Source Files</Filter>
    </ClCompile>
    <ClCompile Include="test_winshell_api.cpp">
      <Filter>Source Files</Filter>
    </ClCompile>
  </ItemGroup>
  <ItemGroup>
    <None Include="rms-login.py" />
  </ItemGroup>
</Project>